// !$*UTF8*$!
{
	archiveVersion = 1;
	classes = {
	};
	objectVersion = 55;
	objects = {

/* Begin PBXBuildFile section */
		3926A8A831829729EF8768A6 /* Pods_Burbn.framework in Frameworks */ = {isa = PBXBuildFile; fileRef = C481786261F2B263D037AD9A /* Pods_Burbn.framework */; };
		E9566FBB2809CF4600201E8A /* AppDelegate.swift in Sources */ = {isa = PBXBuildFile; fileRef = E9566FBA2809CF4600201E8A /* AppDelegate.swift */; };
		E9566FBD2809CF4600201E8A /* SceneDelegate.swift in Sources */ = {isa = PBXBuildFile; fileRef = E9566FBC2809CF4600201E8A /* SceneDelegate.swift */; };
		E9566FBF2809CF4600201E8A /* ViewController.swift in Sources */ = {isa = PBXBuildFile; fileRef = E9566FBE2809CF4600201E8A /* ViewController.swift */; };
		E9566FC22809CF4600201E8A /* Main.storyboard in Resources */ = {isa = PBXBuildFile; fileRef = E9566FC02809CF4600201E8A /* Main.storyboard */; };
		E9566FC52809CF4600201E8A /* Burbn.xcdatamodeld in Sources */ = {isa = PBXBuildFile; fileRef = E9566FC32809CF4600201E8A /* Burbn.xcdatamodeld */; };
		E9566FC72809CF4700201E8A /* Assets.xcassets in Resources */ = {isa = PBXBuildFile; fileRef = E9566FC62809CF4700201E8A /* Assets.xcassets */; };
		E9566FCA2809CF4700201E8A /* LaunchScreen.storyboard in Resources */ = {isa = PBXBuildFile; fileRef = E9566FC82809CF4700201E8A /* LaunchScreen.storyboard */; };
		E9566FD3280A03A600201E8A /* GoogleService-Info.plist in Resources */ = {isa = PBXBuildFile; fileRef = E9566FD2280A03A600201E8A /* GoogleService-Info.plist */; };
		E9566FD6280A064300201E8A /* FirebaseAnalytics in Frameworks */ = {isa = PBXBuildFile; productRef = E9566FD5280A064300201E8A /* FirebaseAnalytics */; };
		E9566FD8280A064300201E8A /* FirebaseAnalyticsSwift-Beta in Frameworks */ = {isa = PBXBuildFile; productRef = E9566FD7280A064300201E8A /* FirebaseAnalyticsSwift-Beta */; };
		E9566FDA280A064300201E8A /* FirebaseAnalyticsWithoutAdIdSupport in Frameworks */ = {isa = PBXBuildFile; productRef = E9566FD9280A064300201E8A /* FirebaseAnalyticsWithoutAdIdSupport */; };
		E9566FDC280A064300201E8A /* FirebaseAppCheck in Frameworks */ = {isa = PBXBuildFile; productRef = E9566FDB280A064300201E8A /* FirebaseAppCheck */; };
		E9566FDE280A064300201E8A /* FirebaseAppDistribution-Beta in Frameworks */ = {isa = PBXBuildFile; productRef = E9566FDD280A064300201E8A /* FirebaseAppDistribution-Beta */; };
		E9566FE0280A064300201E8A /* FirebaseAuth in Frameworks */ = {isa = PBXBuildFile; productRef = E9566FDF280A064300201E8A /* FirebaseAuth */; };
		E9566FE2280A064300201E8A /* FirebaseAuthCombine-Community in Frameworks */ = {isa = PBXBuildFile; productRef = E9566FE1280A064300201E8A /* FirebaseAuthCombine-Community */; };
		E9566FE4280A064300201E8A /* FirebaseCrashlytics in Frameworks */ = {isa = PBXBuildFile; productRef = E9566FE3280A064300201E8A /* FirebaseCrashlytics */; };
		E9566FE6280A064300201E8A /* FirebaseDatabase in Frameworks */ = {isa = PBXBuildFile; productRef = E9566FE5280A064300201E8A /* FirebaseDatabase */; };
		E9566FE8280A064300201E8A /* FirebaseDatabaseSwift-Beta in Frameworks */ = {isa = PBXBuildFile; productRef = E9566FE7280A064300201E8A /* FirebaseDatabaseSwift-Beta */; };
		E9566FEA280A064300201E8A /* FirebaseDynamicLinks in Frameworks */ = {isa = PBXBuildFile; productRef = E9566FE9280A064300201E8A /* FirebaseDynamicLinks */; };
		E9566FEC280A064300201E8A /* FirebaseFirestore in Frameworks */ = {isa = PBXBuildFile; productRef = E9566FEB280A064300201E8A /* FirebaseFirestore */; };
		E9566FEE280A064300201E8A /* FirebaseFirestoreCombine-Community in Frameworks */ = {isa = PBXBuildFile; productRef = E9566FED280A064300201E8A /* FirebaseFirestoreCombine-Community */; };
		E9566FF0280A064300201E8A /* FirebaseFirestoreSwift-Beta in Frameworks */ = {isa = PBXBuildFile; productRef = E9566FEF280A064300201E8A /* FirebaseFirestoreSwift-Beta */; };
		E9566FF2280A064300201E8A /* FirebaseFunctions in Frameworks */ = {isa = PBXBuildFile; productRef = E9566FF1280A064300201E8A /* FirebaseFunctions */; };
		E9566FF4280A064300201E8A /* FirebaseFunctionsCombine-Community in Frameworks */ = {isa = PBXBuildFile; productRef = E9566FF3280A064300201E8A /* FirebaseFunctionsCombine-Community */; };
		E9566FF6280A064300201E8A /* FirebaseFunctionsSwift-Beta in Frameworks */ = {isa = PBXBuildFile; productRef = E9566FF5280A064300201E8A /* FirebaseFunctionsSwift-Beta */; };
		E9566FF8280A064300201E8A /* FirebaseInAppMessaging-Beta in Frameworks */ = {isa = PBXBuildFile; productRef = E9566FF7280A064300201E8A /* FirebaseInAppMessaging-Beta */; };
		E9566FFA280A064300201E8A /* FirebaseInAppMessagingSwift-Beta in Frameworks */ = {isa = PBXBuildFile; productRef = E9566FF9280A064300201E8A /* FirebaseInAppMessagingSwift-Beta */; };
		E9566FFC280A064300201E8A /* FirebaseInstallations in Frameworks */ = {isa = PBXBuildFile; productRef = E9566FFB280A064300201E8A /* FirebaseInstallations */; };
		E9566FFE280A064300201E8A /* FirebaseMLModelDownloader in Frameworks */ = {isa = PBXBuildFile; productRef = E9566FFD280A064300201E8A /* FirebaseMLModelDownloader */; };
		E9567000280A064300201E8A /* FirebaseMessaging in Frameworks */ = {isa = PBXBuildFile; productRef = E9566FFF280A064300201E8A /* FirebaseMessaging */; };
		E9567002280A064300201E8A /* FirebasePerformance in Frameworks */ = {isa = PBXBuildFile; productRef = E9567001280A064300201E8A /* FirebasePerformance */; };
		E9567004280A064300201E8A /* FirebaseRemoteConfig in Frameworks */ = {isa = PBXBuildFile; productRef = E9567003280A064300201E8A /* FirebaseRemoteConfig */; };
		E9567006280A064300201E8A /* FirebaseRemoteConfigSwift-Beta in Frameworks */ = {isa = PBXBuildFile; productRef = E9567005280A064300201E8A /* FirebaseRemoteConfigSwift-Beta */; };
		E9567008280A064300201E8A /* FirebaseStorage in Frameworks */ = {isa = PBXBuildFile; productRef = E9567007280A064300201E8A /* FirebaseStorage */; };
		E956700A280A064300201E8A /* FirebaseStorageCombine-Community in Frameworks */ = {isa = PBXBuildFile; productRef = E9567009280A064300201E8A /* FirebaseStorageCombine-Community */; };
		E956700C280A064300201E8A /* FirebaseStorageSwift-Beta in Frameworks */ = {isa = PBXBuildFile; productRef = E956700B280A064300201E8A /* FirebaseStorageSwift-Beta */; };
/* End PBXBuildFile section */

/* Begin PBXFileReference section */
		064C6567769DC9556E5F0DA1 /* Pods-Burbn.debug.xcconfig */ = {isa = PBXFileReference; includeInIndex = 1; lastKnownFileType = text.xcconfig; name = "Pods-Burbn.debug.xcconfig"; path = "Target Support Files/Pods-Burbn/Pods-Burbn.debug.xcconfig"; sourceTree = "<group>"; };
		A6F71237CF9542D0D82E0713 /* Pods-Burbn.release.xcconfig */ = {isa = PBXFileReference; includeInIndex = 1; lastKnownFileType = text.xcconfig; name = "Pods-Burbn.release.xcconfig"; path = "Target Support Files/Pods-Burbn/Pods-Burbn.release.xcconfig"; sourceTree = "<group>"; };
		C481786261F2B263D037AD9A /* Pods_Burbn.framework */ = {isa = PBXFileReference; explicitFileType = wrapper.framework; includeInIndex = 0; path = Pods_Burbn.framework; sourceTree = BUILT_PRODUCTS_DIR; };
		E9566F942809C8BF00201E8A /* AppDelegate.swift */ = {isa = PBXFileReference; lastKnownFileType = sourcecode.swift; path = AppDelegate.swift; sourceTree = "<group>"; };
		E9566F962809C8BF00201E8A /* SceneDelegate.swift */ = {isa = PBXFileReference; lastKnownFileType = sourcecode.swift; path = SceneDelegate.swift; sourceTree = "<group>"; };
		E9566F982809C8BF00201E8A /* ViewController.swift */ = {isa = PBXFileReference; lastKnownFileType = sourcecode.swift; path = ViewController.swift; sourceTree = "<group>"; };
		E9566F9B2809C8BF00201E8A /* Base */ = {isa = PBXFileReference; lastKnownFileType = file.storyboard; name = Base; path = Base.lproj/Main.storyboard; sourceTree = "<group>"; };
		E9566F9E2809C8BF00201E8A /* Burbn.xcdatamodel */ = {isa = PBXFileReference; lastKnownFileType = wrapper.xcdatamodel; path = Burbn.xcdatamodel; sourceTree = "<group>"; };
		E9566FA02809C8C000201E8A /* Assets.xcassets */ = {isa = PBXFileReference; lastKnownFileType = folder.assetcatalog; path = Assets.xcassets; sourceTree = "<group>"; };
		E9566FA32809C8C000201E8A /* Base */ = {isa = PBXFileReference; lastKnownFileType = file.storyboard; name = Base; path = Base.lproj/LaunchScreen.storyboard; sourceTree = "<group>"; };
		E9566FA52809C8C000201E8A /* Info.plist */ = {isa = PBXFileReference; lastKnownFileType = text.plist.xml; path = Info.plist; sourceTree = "<group>"; };
		E9566FAE2809CA8000201E8A /* EmptyFile.swift */ = {isa = PBXFileReference; lastKnownFileType = sourcecode.swift; path = EmptyFile.swift; sourceTree = "<group>"; };
		E9566FB02809CA9100201E8A /* EmptyFile.swift */ = {isa = PBXFileReference; lastKnownFileType = sourcecode.swift; path = EmptyFile.swift; sourceTree = "<group>"; };
		E9566FB22809CAAF00201E8A /* EmptyFile.swift */ = {isa = PBXFileReference; lastKnownFileType = sourcecode.swift; path = EmptyFile.swift; sourceTree = "<group>"; };
		E9566FB82809CF4600201E8A /* Burbn.app */ = {isa = PBXFileReference; explicitFileType = wrapper.application; includeInIndex = 0; path = Burbn.app; sourceTree = BUILT_PRODUCTS_DIR; };
		E9566FBA2809CF4600201E8A /* AppDelegate.swift */ = {isa = PBXFileReference; lastKnownFileType = sourcecode.swift; path = AppDelegate.swift; sourceTree = "<group>"; };
		E9566FBC2809CF4600201E8A /* SceneDelegate.swift */ = {isa = PBXFileReference; lastKnownFileType = sourcecode.swift; path = SceneDelegate.swift; sourceTree = "<group>"; };
		E9566FBE2809CF4600201E8A /* ViewController.swift */ = {isa = PBXFileReference; lastKnownFileType = sourcecode.swift; path = ViewController.swift; sourceTree = "<group>"; };
		E9566FC12809CF4600201E8A /* Base */ = {isa = PBXFileReference; lastKnownFileType = file.storyboard; name = Base; path = Base.lproj/Main.storyboard; sourceTree = "<group>"; };
		E9566FC42809CF4600201E8A /* Burbn.xcdatamodel */ = {isa = PBXFileReference; lastKnownFileType = wrapper.xcdatamodel; path = Burbn.xcdatamodel; sourceTree = "<group>"; };
		E9566FC62809CF4700201E8A /* Assets.xcassets */ = {isa = PBXFileReference; lastKnownFileType = folder.assetcatalog; path = Assets.xcassets; sourceTree = "<group>"; };
		E9566FC92809CF4700201E8A /* Base */ = {isa = PBXFileReference; lastKnownFileType = file.storyboard; name = Base; path = Base.lproj/LaunchScreen.storyboard; sourceTree = "<group>"; };
		E9566FCB2809CF4700201E8A /* Info.plist */ = {isa = PBXFileReference; lastKnownFileType = text.plist.xml; path = Info.plist; sourceTree = "<group>"; };
		E9566FD2280A03A600201E8A /* GoogleService-Info.plist */ = {isa = PBXFileReference; fileEncoding = 4; lastKnownFileType = text.plist.xml; path = "GoogleService-Info.plist"; sourceTree = "<group>"; };
/* End PBXFileReference section */

/* Begin PBXFrameworksBuildPhase section */
		E9566FB52809CF4600201E8A /* Frameworks */ = {
			isa = PBXFrameworksBuildPhase;
			buildActionMask = 2147483647;
			files = (
				E9566FE6280A064300201E8A /* FirebaseDatabase in Frameworks */,
				E9566FF6280A064300201E8A /* FirebaseFunctionsSwift-Beta in Frameworks */,
				E9566FFA280A064300201E8A /* FirebaseInAppMessagingSwift-Beta in Frameworks */,
				E9567000280A064300201E8A /* FirebaseMessaging in Frameworks */,
				E9566FF4280A064300201E8A /* FirebaseFunctionsCombine-Community in Frameworks */,
				E9566FEC280A064300201E8A /* FirebaseFirestore in Frameworks */,
				E9566FD8280A064300201E8A /* FirebaseAnalyticsSwift-Beta in Frameworks */,
				E9566FD6280A064300201E8A /* FirebaseAnalytics in Frameworks */,
				E9566FFE280A064300201E8A /* FirebaseMLModelDownloader in Frameworks */,
				3926A8A831829729EF8768A6 /* Pods_Burbn.framework in Frameworks */,
				E9566FDC280A064300201E8A /* FirebaseAppCheck in Frameworks */,
				E9566FDA280A064300201E8A /* FirebaseAnalyticsWithoutAdIdSupport in Frameworks */,
				E9566FE0280A064300201E8A /* FirebaseAuth in Frameworks */,
				E956700C280A064300201E8A /* FirebaseStorageSwift-Beta in Frameworks */,
				E9566FE4280A064300201E8A /* FirebaseCrashlytics in Frameworks */,
				E9567002280A064300201E8A /* FirebasePerformance in Frameworks */,
				E9566FF8280A064300201E8A /* FirebaseInAppMessaging-Beta in Frameworks */,
				E9566FE8280A064300201E8A /* FirebaseDatabaseSwift-Beta in Frameworks */,
				E9567006280A064300201E8A /* FirebaseRemoteConfigSwift-Beta in Frameworks */,
				E9566FDE280A064300201E8A /* FirebaseAppDistribution-Beta in Frameworks */,
				E9566FFC280A064300201E8A /* FirebaseInstallations in Frameworks */,
				E9567008280A064300201E8A /* FirebaseStorage in Frameworks */,
				E9567004280A064300201E8A /* FirebaseRemoteConfig in Frameworks */,
				E956700A280A064300201E8A /* FirebaseStorageCombine-Community in Frameworks */,
				E9566FF2280A064300201E8A /* FirebaseFunctions in Frameworks */,
				E9566FE2280A064300201E8A /* FirebaseAuthCombine-Community in Frameworks */,
				E9566FF0280A064300201E8A /* FirebaseFirestoreSwift-Beta in Frameworks */,
				E9566FEA280A064300201E8A /* FirebaseDynamicLinks in Frameworks */,
				E9566FEE280A064300201E8A /* FirebaseFirestoreCombine-Community in Frameworks */,
			);
			runOnlyForDeploymentPostprocessing = 0;
		};
/* End PBXFrameworksBuildPhase section */

/* Begin PBXGroup section */
		83FD1EFFEEA028C344E6A48A /* Pods */ = {
			isa = PBXGroup;
			children = (
				064C6567769DC9556E5F0DA1 /* Pods-Burbn.debug.xcconfig */,
				A6F71237CF9542D0D82E0713 /* Pods-Burbn.release.xcconfig */,
			);
			path = Pods;
			sourceTree = "<group>";
		};
		E9566F882809C8BF00201E8A = {
			isa = PBXGroup;
			children = (
				E9566FAD2809CA3A00201E8A /* CoreUI */,
				E9566FAC2809CA3200201E8A /* Core */,
				E9566FAB2809C9EE00201E8A /* Externals */,
				E9566F932809C8BF00201E8A /* Burbn */,
				E9566FB92809CF4600201E8A /* Burbn */,
				E9566F922809C8BF00201E8A /* Products */,
				83FD1EFFEEA028C344E6A48A /* Pods */,
				EF34BF3208905DE5607198F0 /* Frameworks */,
			);
			sourceTree = "<group>";
		};
		E9566F922809C8BF00201E8A /* Products */ = {
			isa = PBXGroup;
			children = (
				E9566FB82809CF4600201E8A /* Burbn.app */,
			);
			name = Products;
			sourceTree = "<group>";
		};
		E9566F932809C8BF00201E8A /* Burbn */ = {
			isa = PBXGroup;
			children = (
				E9566F942809C8BF00201E8A /* AppDelegate.swift */,
				E9566F962809C8BF00201E8A /* SceneDelegate.swift */,
				E9566F982809C8BF00201E8A /* ViewController.swift */,
				E9566F9A2809C8BF00201E8A /* Main.storyboard */,
				E9566FA02809C8C000201E8A /* Assets.xcassets */,
				E9566FA22809C8C000201E8A /* LaunchScreen.storyboard */,
				E9566FA52809C8C000201E8A /* Info.plist */,
				E9566F9D2809C8BF00201E8A /* Burbn.xcdatamodeld */,
				E9566FD2280A03A600201E8A /* GoogleService-Info.plist */,
			);
			path = Burbn;
			sourceTree = "<group>";
		};
		E9566FAB2809C9EE00201E8A /* Externals */ = {
			isa = PBXGroup;
			children = (
				E9566FB22809CAAF00201E8A /* EmptyFile.swift */,
			);
			path = Externals;
			sourceTree = "<group>";
		};
		E9566FAC2809CA3200201E8A /* Core */ = {
			isa = PBXGroup;
			children = (
				E9566FB02809CA9100201E8A /* EmptyFile.swift */,
			);
			path = Core;
			sourceTree = "<group>";
		};
		E9566FAD2809CA3A00201E8A /* CoreUI */ = {
			isa = PBXGroup;
			children = (
				E9566FAE2809CA8000201E8A /* EmptyFile.swift */,
			);
			path = CoreUI;
			sourceTree = "<group>";
		};
		E9566FB92809CF4600201E8A /* Burbn */ = {
			isa = PBXGroup;
			children = (
				E9566FBA2809CF4600201E8A /* AppDelegate.swift */,
				E9566FBC2809CF4600201E8A /* SceneDelegate.swift */,
				E9566FBE2809CF4600201E8A /* ViewController.swift */,
				E9566FC02809CF4600201E8A /* Main.storyboard */,
				E9566FC62809CF4700201E8A /* Assets.xcassets */,
				E9566FC82809CF4700201E8A /* LaunchScreen.storyboard */,
				E9566FCB2809CF4700201E8A /* Info.plist */,
				E9566FC32809CF4600201E8A /* Burbn.xcdatamodeld */,
			);
			path = Burbn;
			sourceTree = "<group>";
		};
		EF34BF3208905DE5607198F0 /* Frameworks */ = {
			isa = PBXGroup;
			children = (
				C481786261F2B263D037AD9A /* Pods_Burbn.framework */,
			);
			name = Frameworks;
			sourceTree = "<group>";
		};
/* End PBXGroup section */

/* Begin PBXNativeTarget section */
		E9566FB72809CF4600201E8A /* Burbn */ = {
			isa = PBXNativeTarget;
			buildConfigurationList = E9566FCC2809CF4700201E8A /* Build configuration list for PBXNativeTarget "Burbn" */;
			buildPhases = (
				F716B56D5E7E8CDF91C33A3C /* [CP] Check Pods Manifest.lock */,
				E9566FB42809CF4600201E8A /* Sources */,
				E9566FB52809CF4600201E8A /* Frameworks */,
				E9566FB62809CF4600201E8A /* Resources */,
				E9566FD02809D76300201E8A /* ShellScript */,
				EA3719B56FF87F9D1E9F239B /* [CP] Embed Pods Frameworks */,
				E9566FD12809FFAA00201E8A /* ShellScript */,
			);
			buildRules = (
			);
			dependencies = (
			);
			name = Burbn;
			packageProductDependencies = (
				E9566FD5280A064300201E8A /* FirebaseAnalytics */,
				E9566FD7280A064300201E8A /* FirebaseAnalyticsSwift-Beta */,
				E9566FD9280A064300201E8A /* FirebaseAnalyticsWithoutAdIdSupport */,
				E9566FDB280A064300201E8A /* FirebaseAppCheck */,
				E9566FDD280A064300201E8A /* FirebaseAppDistribution-Beta */,
				E9566FDF280A064300201E8A /* FirebaseAuth */,
				E9566FE1280A064300201E8A /* FirebaseAuthCombine-Community */,
				E9566FE3280A064300201E8A /* FirebaseCrashlytics */,
				E9566FE5280A064300201E8A /* FirebaseDatabase */,
				E9566FE7280A064300201E8A /* FirebaseDatabaseSwift-Beta */,
				E9566FE9280A064300201E8A /* FirebaseDynamicLinks */,
				E9566FEB280A064300201E8A /* FirebaseFirestore */,
				E9566FED280A064300201E8A /* FirebaseFirestoreCombine-Community */,
				E9566FEF280A064300201E8A /* FirebaseFirestoreSwift-Beta */,
				E9566FF1280A064300201E8A /* FirebaseFunctions */,
				E9566FF3280A064300201E8A /* FirebaseFunctionsCombine-Community */,
				E9566FF5280A064300201E8A /* FirebaseFunctionsSwift-Beta */,
				E9566FF7280A064300201E8A /* FirebaseInAppMessaging-Beta */,
				E9566FF9280A064300201E8A /* FirebaseInAppMessagingSwift-Beta */,
				E9566FFB280A064300201E8A /* FirebaseInstallations */,
				E9566FFD280A064300201E8A /* FirebaseMLModelDownloader */,
				E9566FFF280A064300201E8A /* FirebaseMessaging */,
				E9567001280A064300201E8A /* FirebasePerformance */,
				E9567003280A064300201E8A /* FirebaseRemoteConfig */,
				E9567005280A064300201E8A /* FirebaseRemoteConfigSwift-Beta */,
				E9567007280A064300201E8A /* FirebaseStorage */,
				E9567009280A064300201E8A /* FirebaseStorageCombine-Community */,
				E956700B280A064300201E8A /* FirebaseStorageSwift-Beta */,
			);
			productName = Burbn;
			productReference = E9566FB82809CF4600201E8A /* Burbn.app */;
			productType = "com.apple.product-type.application";
		};
/* End PBXNativeTarget section */

/* Begin PBXProject section */
		E9566F892809C8BF00201E8A /* Project object */ = {
			isa = PBXProject;
			attributes = {
				BuildIndependentTargetsInParallel = 1;
				LastSwiftUpdateCheck = 1310;
				LastUpgradeCheck = 1310;
				TargetAttributes = {
					E9566FB72809CF4600201E8A = {
						CreatedOnToolsVersion = 13.1;
					};
				};
			};
			buildConfigurationList = E9566F8C2809C8BF00201E8A /* Build configuration list for PBXProject "Burbn" */;
			compatibilityVersion = "Xcode 13.0";
			developmentRegion = en;
			hasScannedForEncodings = 0;
			knownRegions = (
				en,
				Base,
			);
			mainGroup = E9566F882809C8BF00201E8A;
			packageReferences = (
				E9566FD4280A064300201E8A /* XCRemoteSwiftPackageReference "firebase-ios-sdk" */,
			);
			productRefGroup = E9566F922809C8BF00201E8A /* Products */;
			projectDirPath = "";
			projectRoot = "";
			targets = (
				E9566FB72809CF4600201E8A /* Burbn */,
			);
		};
/* End PBXProject section */

/* Begin PBXResourcesBuildPhase section */
		E9566FB62809CF4600201E8A /* Resources */ = {
			isa = PBXResourcesBuildPhase;
			buildActionMask = 2147483647;
			files = (
				E9566FCA2809CF4700201E8A /* LaunchScreen.storyboard in Resources */,
				E9566FD3280A03A600201E8A /* GoogleService-Info.plist in Resources */,
				E9566FC72809CF4700201E8A /* Assets.xcassets in Resources */,
				E9566FC22809CF4600201E8A /* Main.storyboard in Resources */,
			);
			runOnlyForDeploymentPostprocessing = 0;
		};
/* End PBXResourcesBuildPhase section */

/* Begin PBXShellScriptBuildPhase section */
		E9566FD02809D76300201E8A /* ShellScript */ = {
			isa = PBXShellScriptBuildPhase;
			buildActionMask = 12;
			dependencyFile = /Users/pavel/Programing/Projects/Burbn/Burbn/Burbn/.swiftlint.yml;
			files = (
			);
			inputFileListPaths = (
			);
			inputPaths = (
			);
			outputFileListPaths = (
			);
			outputPaths = (
			);
			runOnlyForDeploymentPostprocessing = 0;
			shellPath = /bin/sh;
			shellScript = "export PATH=\"$PATH:/opt/homebrew/bin\"\nif which swiftlint > /dev/null; then\n  swiftlint\nelse\n  echo \"warning: SwiftLint not installed, download from https://github.com/realm/SwiftLint\"\nfi\n";
			showEnvVarsInLog = 0;
		};
		E9566FD12809FFAA00201E8A /* ShellScript */ = {
			isa = PBXShellScriptBuildPhase;
			buildActionMask = 2147483647;
			files = (
			);
			inputFileListPaths = (
			);
			inputPaths = (
			);
			outputFileListPaths = (
			);
			outputPaths = (
			);
			runOnlyForDeploymentPostprocessing = 0;
			shellPath = /bin/sh;
			shellScript = "if [[ -f \"${PODS_ROOT}/SwiftGen/bin/swiftgen\" ]]; then\n  \"${PODS_ROOT}/SwiftGen/bin/swiftgen\" …\nelse\n  echo \"warning: SwiftGen is not installed. Run 'pod install --repo-update' to install it.\"\nfi\n";
		};
		EA3719B56FF87F9D1E9F239B /* [CP] Embed Pods Frameworks */ = {
			isa = PBXShellScriptBuildPhase;
			buildActionMask = 2147483647;
			files = (
			);
			inputFileListPaths = (
				"${PODS_ROOT}/Target Support Files/Pods-Burbn/Pods-Burbn-frameworks-${CONFIGURATION}-input-files.xcfilelist",
			);
			name = "[CP] Embed Pods Frameworks";
			outputFileListPaths = (
				"${PODS_ROOT}/Target Support Files/Pods-Burbn/Pods-Burbn-frameworks-${CONFIGURATION}-output-files.xcfilelist",
			);
			runOnlyForDeploymentPostprocessing = 0;
			shellPath = /bin/sh;
			shellScript = "\"${PODS_ROOT}/Target Support Files/Pods-Burbn/Pods-Burbn-frameworks.sh\"\n";
			showEnvVarsInLog = 0;
		};
		F716B56D5E7E8CDF91C33A3C /* [CP] Check Pods Manifest.lock */ = {
			isa = PBXShellScriptBuildPhase;
			buildActionMask = 2147483647;
			files = (
			);
			inputFileListPaths = (
			);
			inputPaths = (
				"${PODS_PODFILE_DIR_PATH}/Podfile.lock",
				"${PODS_ROOT}/Manifest.lock",
			);
			name = "[CP] Check Pods Manifest.lock";
			outputFileListPaths = (
			);
			outputPaths = (
				"$(DERIVED_FILE_DIR)/Pods-Burbn-checkManifestLockResult.txt",
			);
			runOnlyForDeploymentPostprocessing = 0;
			shellPath = /bin/sh;
			shellScript = "diff \"${PODS_PODFILE_DIR_PATH}/Podfile.lock\" \"${PODS_ROOT}/Manifest.lock\" > /dev/null\nif [ $? != 0 ] ; then\n    # print error to STDERR\n    echo \"error: The sandbox is not in sync with the Podfile.lock. Run 'pod install' or update your CocoaPods installation.\" >&2\n    exit 1\nfi\n# This output is used by Xcode 'outputs' to avoid re-running this script phase.\necho \"SUCCESS\" > \"${SCRIPT_OUTPUT_FILE_0}\"\n";
			showEnvVarsInLog = 0;
		};
/* End PBXShellScriptBuildPhase section */

/* Begin PBXSourcesBuildPhase section */
		E9566FB42809CF4600201E8A /* Sources */ = {
			isa = PBXSourcesBuildPhase;
			buildActionMask = 2147483647;
			files = (
				E9566FBF2809CF4600201E8A /* ViewController.swift in Sources */,
				E9566FBB2809CF4600201E8A /* AppDelegate.swift in Sources */,
				E9566FBD2809CF4600201E8A /* SceneDelegate.swift in Sources */,
				E9566FC52809CF4600201E8A /* Burbn.xcdatamodeld in Sources */,
			);
			runOnlyForDeploymentPostprocessing = 0;
		};
/* End PBXSourcesBuildPhase section */

/* Begin PBXVariantGroup section */
		E9566F9A2809C8BF00201E8A /* Main.storyboard */ = {
			isa = PBXVariantGroup;
			children = (
				E9566F9B2809C8BF00201E8A /* Base */,
			);
			name = Main.storyboard;
			sourceTree = "<group>";
		};
		E9566FA22809C8C000201E8A /* LaunchScreen.storyboard */ = {
			isa = PBXVariantGroup;
			children = (
				E9566FA32809C8C000201E8A /* Base */,
			);
			name = LaunchScreen.storyboard;
			sourceTree = "<group>";
		};
		E9566FC02809CF4600201E8A /* Main.storyboard */ = {
			isa = PBXVariantGroup;
			children = (
				E9566FC12809CF4600201E8A /* Base */,
			);
			name = Main.storyboard;
			sourceTree = "<group>";
		};
		E9566FC82809CF4700201E8A /* LaunchScreen.storyboard */ = {
			isa = PBXVariantGroup;
			children = (
				E9566FC92809CF4700201E8A /* Base */,
			);
			name = LaunchScreen.storyboard;
			sourceTree = "<group>";
		};
/* End PBXVariantGroup section */

/* Begin XCBuildConfiguration section */
		E9566FA62809C8C000201E8A /* Debug */ = {
			isa = XCBuildConfiguration;
			buildSettings = {
				ALWAYS_SEARCH_USER_PATHS = NO;
				CLANG_ANALYZER_NONNULL = YES;
				CLANG_ANALYZER_NUMBER_OBJECT_CONVERSION = YES_AGGRESSIVE;
				CLANG_CXX_LANGUAGE_STANDARD = "gnu++17";
				CLANG_CXX_LIBRARY = "libc++";
				CLANG_ENABLE_MODULES = YES;
				CLANG_ENABLE_OBJC_ARC = YES;
				CLANG_ENABLE_OBJC_WEAK = YES;
				CLANG_WARN_BLOCK_CAPTURE_AUTORELEASING = YES;
				CLANG_WARN_BOOL_CONVERSION = YES;
				CLANG_WARN_COMMA = YES;
				CLANG_WARN_CONSTANT_CONVERSION = YES;
				CLANG_WARN_DEPRECATED_OBJC_IMPLEMENTATIONS = YES;
				CLANG_WARN_DIRECT_OBJC_ISA_USAGE = YES_ERROR;
				CLANG_WARN_DOCUMENTATION_COMMENTS = YES;
				CLANG_WARN_EMPTY_BODY = YES;
				CLANG_WARN_ENUM_CONVERSION = YES;
				CLANG_WARN_INFINITE_RECURSION = YES;
				CLANG_WARN_INT_CONVERSION = YES;
				CLANG_WARN_NON_LITERAL_NULL_CONVERSION = YES;
				CLANG_WARN_OBJC_IMPLICIT_RETAIN_SELF = YES;
				CLANG_WARN_OBJC_LITERAL_CONVERSION = YES;
				CLANG_WARN_OBJC_ROOT_CLASS = YES_ERROR;
				CLANG_WARN_QUOTED_INCLUDE_IN_FRAMEWORK_HEADER = YES;
				CLANG_WARN_RANGE_LOOP_ANALYSIS = YES;
				CLANG_WARN_STRICT_PROTOTYPES = YES;
				CLANG_WARN_SUSPICIOUS_MOVE = YES;
				CLANG_WARN_UNGUARDED_AVAILABILITY = YES_AGGRESSIVE;
				CLANG_WARN_UNREACHABLE_CODE = YES;
				CLANG_WARN__DUPLICATE_METHOD_MATCH = YES;
				COPY_PHASE_STRIP = NO;
				DEBUG_INFORMATION_FORMAT = dwarf;
				ENABLE_STRICT_OBJC_MSGSEND = YES;
				ENABLE_TESTABILITY = YES;
				GCC_C_LANGUAGE_STANDARD = gnu11;
				GCC_DYNAMIC_NO_PIC = NO;
				GCC_NO_COMMON_BLOCKS = YES;
				GCC_OPTIMIZATION_LEVEL = 0;
				GCC_PREPROCESSOR_DEFINITIONS = (
					"DEBUG=1",
					"$(inherited)",
				);
				GCC_WARN_64_TO_32_BIT_CONVERSION = YES;
				GCC_WARN_ABOUT_RETURN_TYPE = YES_ERROR;
				GCC_WARN_UNDECLARED_SELECTOR = YES;
				GCC_WARN_UNINITIALIZED_AUTOS = YES_AGGRESSIVE;
				GCC_WARN_UNUSED_FUNCTION = YES;
				GCC_WARN_UNUSED_VARIABLE = YES;
				IPHONEOS_DEPLOYMENT_TARGET = 15.0;
				MTL_ENABLE_DEBUG_INFO = INCLUDE_SOURCE;
				MTL_FAST_MATH = YES;
				ONLY_ACTIVE_ARCH = YES;
				SDKROOT = iphoneos;
				SWIFT_ACTIVE_COMPILATION_CONDITIONS = DEBUG;
				SWIFT_OPTIMIZATION_LEVEL = "-Onone";
			};
			name = Debug;
		};
		E9566FA72809C8C000201E8A /* Release */ = {
			isa = XCBuildConfiguration;
			buildSettings = {
				ALWAYS_SEARCH_USER_PATHS = NO;
				CLANG_ANALYZER_NONNULL = YES;
				CLANG_ANALYZER_NUMBER_OBJECT_CONVERSION = YES_AGGRESSIVE;
				CLANG_CXX_LANGUAGE_STANDARD = "gnu++17";
				CLANG_CXX_LIBRARY = "libc++";
				CLANG_ENABLE_MODULES = YES;
				CLANG_ENABLE_OBJC_ARC = YES;
				CLANG_ENABLE_OBJC_WEAK = YES;
				CLANG_WARN_BLOCK_CAPTURE_AUTORELEASING = YES;
				CLANG_WARN_BOOL_CONVERSION = YES;
				CLANG_WARN_COMMA = YES;
				CLANG_WARN_CONSTANT_CONVERSION = YES;
				CLANG_WARN_DEPRECATED_OBJC_IMPLEMENTATIONS = YES;
				CLANG_WARN_DIRECT_OBJC_ISA_USAGE = YES_ERROR;
				CLANG_WARN_DOCUMENTATION_COMMENTS = YES;
				CLANG_WARN_EMPTY_BODY = YES;
				CLANG_WARN_ENUM_CONVERSION = YES;
				CLANG_WARN_INFINITE_RECURSION = YES;
				CLANG_WARN_INT_CONVERSION = YES;
				CLANG_WARN_NON_LITERAL_NULL_CONVERSION = YES;
				CLANG_WARN_OBJC_IMPLICIT_RETAIN_SELF = YES;
				CLANG_WARN_OBJC_LITERAL_CONVERSION = YES;
				CLANG_WARN_OBJC_ROOT_CLASS = YES_ERROR;
				CLANG_WARN_QUOTED_INCLUDE_IN_FRAMEWORK_HEADER = YES;
				CLANG_WARN_RANGE_LOOP_ANALYSIS = YES;
				CLANG_WARN_STRICT_PROTOTYPES = YES;
				CLANG_WARN_SUSPICIOUS_MOVE = YES;
				CLANG_WARN_UNGUARDED_AVAILABILITY = YES_AGGRESSIVE;
				CLANG_WARN_UNREACHABLE_CODE = YES;
				CLANG_WARN__DUPLICATE_METHOD_MATCH = YES;
				COPY_PHASE_STRIP = NO;
				DEBUG_INFORMATION_FORMAT = "dwarf-with-dsym";
				ENABLE_NS_ASSERTIONS = NO;
				ENABLE_STRICT_OBJC_MSGSEND = YES;
				GCC_C_LANGUAGE_STANDARD = gnu11;
				GCC_NO_COMMON_BLOCKS = YES;
				GCC_WARN_64_TO_32_BIT_CONVERSION = YES;
				GCC_WARN_ABOUT_RETURN_TYPE = YES_ERROR;
				GCC_WARN_UNDECLARED_SELECTOR = YES;
				GCC_WARN_UNINITIALIZED_AUTOS = YES_AGGRESSIVE;
				GCC_WARN_UNUSED_FUNCTION = YES;
				GCC_WARN_UNUSED_VARIABLE = YES;
				IPHONEOS_DEPLOYMENT_TARGET = 15.0;
				MTL_ENABLE_DEBUG_INFO = NO;
				MTL_FAST_MATH = YES;
				SDKROOT = iphoneos;
				SWIFT_COMPILATION_MODE = wholemodule;
				SWIFT_OPTIMIZATION_LEVEL = "-O";
				VALIDATE_PRODUCT = YES;
			};
			name = Release;
		};
		E9566FCD2809CF4700201E8A /* Debug */ = {
			isa = XCBuildConfiguration;
			baseConfigurationReference = 064C6567769DC9556E5F0DA1 /* Pods-Burbn.debug.xcconfig */;
			buildSettings = {
				ASSETCATALOG_COMPILER_APPICON_NAME = AppIcon;
				ASSETCATALOG_COMPILER_GLOBAL_ACCENT_COLOR_NAME = AccentColor;
				CODE_SIGN_STYLE = Automatic;
				CURRENT_PROJECT_VERSION = 1;
				DEVELOPMENT_TEAM = 82UP68CTFZ;
				GENERATE_INFOPLIST_FILE = YES;
				INFOPLIST_FILE = Burbn/Info.plist;
				INFOPLIST_KEY_UIApplicationSupportsIndirectInputEvents = YES;
				INFOPLIST_KEY_UILaunchStoryboardName = LaunchScreen;
				INFOPLIST_KEY_UIMainStoryboardFile = Main;
				INFOPLIST_KEY_UISupportedInterfaceOrientations_iPad = "UIInterfaceOrientationPortrait UIInterfaceOrientationPortraitUpsideDown UIInterfaceOrientationLandscapeLeft UIInterfaceOrientationLandscapeRight";
				INFOPLIST_KEY_UISupportedInterfaceOrientations_iPhone = "UIInterfaceOrientationPortrait UIInterfaceOrientationLandscapeLeft UIInterfaceOrientationLandscapeRight";
				LD_RUNPATH_SEARCH_PATHS = (
					"$(inherited)",
					"@executable_path/Frameworks",
				);
				MARKETING_VERSION = 1.0;
				PRODUCT_BUNDLE_IDENTIFIER = PG.Burbn;
				PRODUCT_NAME = "$(TARGET_NAME)";
				SWIFT_EMIT_LOC_STRINGS = YES;
				SWIFT_VERSION = 5.0;
				TARGETED_DEVICE_FAMILY = "1,2";
			};
			name = Debug;
		};
		E9566FCE2809CF4700201E8A /* Release */ = {
			isa = XCBuildConfiguration;
			baseConfigurationReference = A6F71237CF9542D0D82E0713 /* Pods-Burbn.release.xcconfig */;
			buildSettings = {
				ASSETCATALOG_COMPILER_APPICON_NAME = AppIcon;
				ASSETCATALOG_COMPILER_GLOBAL_ACCENT_COLOR_NAME = AccentColor;
				CODE_SIGN_STYLE = Automatic;
				CURRENT_PROJECT_VERSION = 1;
				DEVELOPMENT_TEAM = 82UP68CTFZ;
				GENERATE_INFOPLIST_FILE = YES;
				INFOPLIST_FILE = Burbn/Info.plist;
				INFOPLIST_KEY_UIApplicationSupportsIndirectInputEvents = YES;
				INFOPLIST_KEY_UILaunchStoryboardName = LaunchScreen;
				INFOPLIST_KEY_UIMainStoryboardFile = Main;
				INFOPLIST_KEY_UISupportedInterfaceOrientations_iPad = "UIInterfaceOrientationPortrait UIInterfaceOrientationPortraitUpsideDown UIInterfaceOrientationLandscapeLeft UIInterfaceOrientationLandscapeRight";
				INFOPLIST_KEY_UISupportedInterfaceOrientations_iPhone = "UIInterfaceOrientationPortrait UIInterfaceOrientationLandscapeLeft UIInterfaceOrientationLandscapeRight";
				LD_RUNPATH_SEARCH_PATHS = (
					"$(inherited)",
					"@executable_path/Frameworks",
				);
				MARKETING_VERSION = 1.0;
				PRODUCT_BUNDLE_IDENTIFIER = PG.Burbn;
				PRODUCT_NAME = "$(TARGET_NAME)";
				SWIFT_EMIT_LOC_STRINGS = YES;
				SWIFT_VERSION = 5.0;
				TARGETED_DEVICE_FAMILY = "1,2";
			};
			name = Release;
		};
/* End XCBuildConfiguration section */

/* Begin XCConfigurationList section */
		E9566F8C2809C8BF00201E8A /* Build configuration list for PBXProject "Burbn" */ = {
			isa = XCConfigurationList;
			buildConfigurations = (
				E9566FA62809C8C000201E8A /* Debug */,
				E9566FA72809C8C000201E8A /* Release */,
			);
			defaultConfigurationIsVisible = 0;
			defaultConfigurationName = Release;
		};
		E9566FCC2809CF4700201E8A /* Build configuration list for PBXNativeTarget "Burbn" */ = {
			isa = XCConfigurationList;
			buildConfigurations = (
				E9566FCD2809CF4700201E8A /* Debug */,
				E9566FCE2809CF4700201E8A /* Release */,
			);
			defaultConfigurationIsVisible = 0;
			defaultConfigurationName = Release;
		};
/* End XCConfigurationList section */

/* Begin XCRemoteSwiftPackageReference section */
		E9566FD4280A064300201E8A /* XCRemoteSwiftPackageReference "firebase-ios-sdk" */ = {
			isa = XCRemoteSwiftPackageReference;
			repositoryURL = "https://github.com/firebase/firebase-ios-sdk";
			requirement = {
				kind = upToNextMajorVersion;
				minimumVersion = 8.0.0;
			};
		};
/* End XCRemoteSwiftPackageReference section */

/* Begin XCSwiftPackageProductDependency section */
		E9566FD5280A064300201E8A /* FirebaseAnalytics */ = {
			isa = XCSwiftPackageProductDependency;
			package = E9566FD4280A064300201E8A /* XCRemoteSwiftPackageReference "firebase-ios-sdk" */;
			productName = FirebaseAnalytics;
		};
		E9566FD7280A064300201E8A /* FirebaseAnalyticsSwift-Beta */ = {
			isa = XCSwiftPackageProductDependency;
			package = E9566FD4280A064300201E8A /* XCRemoteSwiftPackageReference "firebase-ios-sdk" */;
			productName = "FirebaseAnalyticsSwift-Beta";
		};
		E9566FD9280A064300201E8A /* FirebaseAnalyticsWithoutAdIdSupport */ = {
			isa = XCSwiftPackageProductDependency;
			package = E9566FD4280A064300201E8A /* XCRemoteSwiftPackageReference "firebase-ios-sdk" */;
			productName = FirebaseAnalyticsWithoutAdIdSupport;
		};
		E9566FDB280A064300201E8A /* FirebaseAppCheck */ = {
			isa = XCSwiftPackageProductDependency;
			package = E9566FD4280A064300201E8A /* XCRemoteSwiftPackageReference "firebase-ios-sdk" */;
			productName = FirebaseAppCheck;
		};
		E9566FDD280A064300201E8A /* FirebaseAppDistribution-Beta */ = {
			isa = XCSwiftPackageProductDependency;
			package = E9566FD4280A064300201E8A /* XCRemoteSwiftPackageReference "firebase-ios-sdk" */;
			productName = "FirebaseAppDistribution-Beta";
		};
		E9566FDF280A064300201E8A /* FirebaseAuth */ = {
			isa = XCSwiftPackageProductDependency;
			package = E9566FD4280A064300201E8A /* XCRemoteSwiftPackageReference "firebase-ios-sdk" */;
			productName = FirebaseAuth;
		};
		E9566FE1280A064300201E8A /* FirebaseAuthCombine-Community */ = {
			isa = XCSwiftPackageProductDependency;
			package = E9566FD4280A064300201E8A /* XCRemoteSwiftPackageReference "firebase-ios-sdk" */;
			productName = "FirebaseAuthCombine-Community";
		};
		E9566FE3280A064300201E8A /* FirebaseCrashlytics */ = {
			isa = XCSwiftPackageProductDependency;
			package = E9566FD4280A064300201E8A /* XCRemoteSwiftPackageReference "firebase-ios-sdk" */;
			productName = FirebaseCrashlytics;
		};
		E9566FE5280A064300201E8A /* FirebaseDatabase */ = {
			isa = XCSwiftPackageProductDependency;
			package = E9566FD4280A064300201E8A /* XCRemoteSwiftPackageReference "firebase-ios-sdk" */;
			productName = FirebaseDatabase;
		};
		E9566FE7280A064300201E8A /* FirebaseDatabaseSwift-Beta */ = {
			isa = XCSwiftPackageProductDependency;
			package = E9566FD4280A064300201E8A /* XCRemoteSwiftPackageReference "firebase-ios-sdk" */;
			productName = "FirebaseDatabaseSwift-Beta";
		};
		E9566FE9280A064300201E8A /* FirebaseDynamicLinks */ = {
			isa = XCSwiftPackageProductDependency;
			package = E9566FD4280A064300201E8A /* XCRemoteSwiftPackageReference "firebase-ios-sdk" */;
			productName = FirebaseDynamicLinks;
		};
		E9566FEB280A064300201E8A /* FirebaseFirestore */ = {
			isa = XCSwiftPackageProductDependency;
			package = E9566FD4280A064300201E8A /* XCRemoteSwiftPackageReference "firebase-ios-sdk" */;
			productName = FirebaseFirestore;
		};
		E9566FED280A064300201E8A /* FirebaseFirestoreCombine-Community */ = {
			isa = XCSwiftPackageProductDependency;
			package = E9566FD4280A064300201E8A /* XCRemoteSwiftPackageReference "firebase-ios-sdk" */;
			productName = "FirebaseFirestoreCombine-Community";
		};
		E9566FEF280A064300201E8A /* FirebaseFirestoreSwift-Beta */ = {
			isa = XCSwiftPackageProductDependency;
			package = E9566FD4280A064300201E8A /* XCRemoteSwiftPackageReference "firebase-ios-sdk" */;
			productName = "FirebaseFirestoreSwift-Beta";
		};
		E9566FF1280A064300201E8A /* FirebaseFunctions */ = {
			isa = XCSwiftPackageProductDependency;
			package = E9566FD4280A064300201E8A /* XCRemoteSwiftPackageReference "firebase-ios-sdk" */;
			productName = FirebaseFunctions;
		};
		E9566FF3280A064300201E8A /* FirebaseFunctionsCombine-Community */ = {
			isa = XCSwiftPackageProductDependency;
			package = E9566FD4280A064300201E8A /* XCRemoteSwiftPackageReference "firebase-ios-sdk" */;
			productName = "FirebaseFunctionsCombine-Community";
		};
		E9566FF5280A064300201E8A /* FirebaseFunctionsSwift-Beta */ = {
			isa = XCSwiftPackageProductDependency;
			package = E9566FD4280A064300201E8A /* XCRemoteSwiftPackageReference "firebase-ios-sdk" */;
			productName = "FirebaseFunctionsSwift-Beta";
		};
		E9566FF7280A064300201E8A /* FirebaseInAppMessaging-Beta */ = {
			isa = XCSwiftPackageProductDependency;
			package = E9566FD4280A064300201E8A /* XCRemoteSwiftPackageReference "firebase-ios-sdk" */;
			productName = "FirebaseInAppMessaging-Beta";
		};
		E9566FF9280A064300201E8A /* FirebaseInAppMessagingSwift-Beta */ = {
			isa = XCSwiftPackageProductDependency;
			package = E9566FD4280A064300201E8A /* XCRemoteSwiftPackageReference "firebase-ios-sdk" */;
			productName = "FirebaseInAppMessagingSwift-Beta";
		};
		E9566FFB280A064300201E8A /* FirebaseInstallations */ = {
			isa = XCSwiftPackageProductDependency;
			package = E9566FD4280A064300201E8A /* XCRemoteSwiftPackageReference "firebase-ios-sdk" */;
			productName = FirebaseInstallations;
		};
		E9566FFD280A064300201E8A /* FirebaseMLModelDownloader */ = {
			isa = XCSwiftPackageProductDependency;
			package = E9566FD4280A064300201E8A /* XCRemoteSwiftPackageReference "firebase-ios-sdk" */;
			productName = FirebaseMLModelDownloader;
		};
		E9566FFF280A064300201E8A /* FirebaseMessaging */ = {
			isa = XCSwiftPackageProductDependency;
			package = E9566FD4280A064300201E8A /* XCRemoteSwiftPackageReference "firebase-ios-sdk" */;
			productName = FirebaseMessaging;
		};
		E9567001280A064300201E8A /* FirebasePerformance */ = {
			isa = XCSwiftPackageProductDependency;
			package = E9566FD4280A064300201E8A /* XCRemoteSwiftPackageReference "firebase-ios-sdk" */;
			productName = FirebasePerformance;
		};
		E9567003280A064300201E8A /* FirebaseRemoteConfig */ = {
			isa = XCSwiftPackageProductDependency;
			package = E9566FD4280A064300201E8A /* XCRemoteSwiftPackageReference "firebase-ios-sdk" */;
			productName = FirebaseRemoteConfig;
		};
		E9567005280A064300201E8A /* FirebaseRemoteConfigSwift-Beta */ = {
			isa = XCSwiftPackageProductDependency;
			package = E9566FD4280A064300201E8A /* XCRemoteSwiftPackageReference "firebase-ios-sdk" */;
			productName = "FirebaseRemoteConfigSwift-Beta";
		};
		E9567007280A064300201E8A /* FirebaseStorage */ = {
			isa = XCSwiftPackageProductDependency;
			package = E9566FD4280A064300201E8A /* XCRemoteSwiftPackageReference "firebase-ios-sdk" */;
			productName = FirebaseStorage;
		};
		E9567009280A064300201E8A /* FirebaseStorageCombine-Community */ = {
			isa = XCSwiftPackageProductDependency;
			package = E9566FD4280A064300201E8A /* XCRemoteSwiftPackageReference "firebase-ios-sdk" */;
			productName = "FirebaseStorageCombine-Community";
		};
		E956700B280A064300201E8A /* FirebaseStorageSwift-Beta */ = {
			isa = XCSwiftPackageProductDependency;
			package = E9566FD4280A064300201E8A /* XCRemoteSwiftPackageReference "firebase-ios-sdk" */;
			productName = "FirebaseStorageSwift-Beta";
		};
/* End XCSwiftPackageProductDependency section */

/* Begin XCVersionGroup section */
		E9566F9D2809C8BF00201E8A /* Burbn.xcdatamodeld */ = {
			isa = XCVersionGroup;
			children = (
				E9566F9E2809C8BF00201E8A /* Burbn.xcdatamodel */,
			);
			currentVersion = E9566F9E2809C8BF00201E8A /* Burbn.xcdatamodel */;
			path = Burbn.xcdatamodeld;
			sourceTree = "<group>";
			versionGroupType = wrapper.xcdatamodel;
		};
		E9566FC32809CF4600201E8A /* Burbn.xcdatamodeld */ = {
			isa = XCVersionGroup;
			children = (
				E9566FC42809CF4600201E8A /* Burbn.xcdatamodel */,
			);
			currentVersion = E9566FC42809CF4600201E8A /* Burbn.xcdatamodel */;
			path = Burbn.xcdatamodeld;
			sourceTree = "<group>";
			versionGroupType = wrapper.xcdatamodel;
		};
/* End XCVersionGroup section */
	};
	rootObject = E9566F892809C8BF00201E8A /* Project object */;
}
